{
  "nodes": {
    "affine": {
      "flake": false,
      "locked": {
        "lastModified": 1788966064,
        "narHash": "sha256-zwwAsXNC1Q2JdtM0Z/a+lebTngxnZJWxyRmEle4vMdk=",
        "owner": "toeverything",
        "repo": "affine",
        "rev": "cfda4858d550c46ec1cd0b574801d7becdd6625b",
        "type": "github"
      },
      "original": {
        "owner": "toeverything",
        "ref": "canary",
        "repo": "affine",
        "type": "github"
      }
    },
    "nixpkgs": {
      "locked": {
        "lastModified": 1787394516,
        "narHash": "sha256-pRGOQSClnXNI2iLUG6DYpsGvYcuw0drOutVZFTJNw90=",
        "owner": "NixOS",
        "repo": "nixpkgs",
        "rev": "c8f90650c15282fa8656a041bfbbd2403997a9a7",
        "type": "github"
      },
      "original": {
        "owner": "NixOS",
        "ref": "nixpkgs-unstable",
        "repo": "nixpkgs",
        "type": "github"
      }
    },
    "root": {
      "inputs": {
        "affine": "affine",
        "nixpkgs": "nixpkgs"
      }
    }
  },
  "root": "root",
  "version": 7
}
