{
  "nodes": {
    "affine": {
      "flake": false,
      "locked": {
        "lastModified": 1786939290,
        "narHash": "sha256-MuzQkiiMUrmFVzHCA5l5hzXm7wA7ChPaKzcrJtc1R3Y=",
        "owner": "toeverything",
        "repo": "affine",
        "rev": "b4c8548c09da21b2898443559a5b846f0ccf5dd8",
        "type": "github"
      },
      "original": {
        "owner": "toeverything",
        "ref": "v0.27.4",
        "repo": "affine",
        "type": "github"
      }
    },
    "nixpkgs": {
      "locked": {
        "lastModified": 1791336361,
        "narHash": "sha256-o9ZUW4SlEAvFPIyJWnqChhOT/VHpHg8TAvEgmqK1fSI=",
        "owner": "NixOS",
        "repo": "nixpkgs",
        "rev": "7dd199b0e2993e37b4775ed66b1c291699608c9f",
        "type": "github"
      },
      "original": {
        "owner": "NixOS",
        "ref": "nixpkgs-unstable",
        "repo": "nixpkgs",
        "type": "github"
      }
    },
    "root": {
      "inputs": {
        "affine": "affine",
        "nixpkgs": "nixpkgs"
      }
    }
  },
  "root": "root",
  "version": 7
}
