{
  "nodes": {
    "affine": {
      "flake": false,
      "locked": {
        "lastModified": 1786939290,
        "narHash": "sha256-MuzQkiiMUrmFVzHCA5l5hzXm7wA7ChPaKzcrJtc1R3Y=",
        "owner": "toeverything",
        "repo": "affine",
        "rev": "b4c8548c09da21b2898443559a5b846f0ccf5dd8",
        "type": "github"
      },
      "original": {
        "owner": "toeverything",
        "ref": "v0.27.4",
        "repo": "affine",
        "type": "github"
      }
    },
    "nixpkgs": {
      "locked": {
        "lastModified": 1787394516,
        "narHash": "sha256-pRGOQSClnXNI2iLUG6DYpsGvYcuw0drOutVZFTJNw90=",
        "owner": "NixOS",
        "repo": "nixpkgs",
        "rev": "c8f90650c15282fa8656a041bfbbd2403997a9a7",
        "type": "github"
      },
      "original": {
        "owner": "NixOS",
        "ref": "nixpkgs-unstable",
        "repo": "nixpkgs",
        "type": "github"
      }
    },
    "root": {
      "inputs": {
        "affine": "affine",
        "nixpkgs": "nixpkgs"
      }
    }
  },
  "root": "root",
  "version": 7
}
